<?xml version="1.0" encoding="utf-8"?>
<Project ToolsVersion="4.0" xmlns="http://schemas.microsoft.com/developer/msbuild/2003">
  <ItemGroup>
    <Filter Include="Source files">
      <UniqueIdentifier>{1c1a85b1-bf47-4c54-9179-89f4dd817921}</UniqueIdentifier>
      <Extensions>cpp;c;cc;cxx;def;odl;idl;hpj;bat;asm;asmx</Extensions>
    </Filter>
    <Filter Include="Header files">
      <UniqueIdentifier>{1efb4acc-1e4a-4efb-901a-dc0109327cfd}</UniqueIdentifier>
      <Extensions>h;hpp;hxx;hm;inl;inc;xsd</Extensions>
    </Filter>
    <Filter Include="Resource files">
      <UniqueIdentifier>{1114cea5-e854-4faa-a33d-031039502b33}</UniqueIdentifier>
      <Extensions>rc;ico;cur;bmp;dlg;rc2;rct;bin;rgs;gif;jpg;jpeg;jpe;resx;tiff;tif;png;wav</Extensions>
    </Filter>
    <Filter Include="Make files">
      <UniqueIdentifier>{3fdea54b-e750-4447-a401-fb9548cc4175}</UniqueIdentifier>
      <Extensions>*.mak</Extensions>
    </Filter>
    <Filter Include="Source files\Device-specific files">
      <UniqueIdentifier>{b7b2e362-d407-4be2-afb8-2f9412fc8318}</UniqueIdentifier>
    </Filter>
    <Filter Include="Header files\Device-specific files">
      <UniqueIdentifier>{eeaa2e9d-7ead-446c-9fb1-cb6f60b99045}</UniqueIdentifier>
    </Filter>
    <Filter Include="Source files\Device-specific files\StdPeriph">
      <UniqueIdentifier>{897d5779-938d-477c-a842-df04105a92e5}</UniqueIdentifier>
    </Filter>
    <Filter Include="Header files\Device-specific files\StdPeriph">
      <UniqueIdentifier>{6a56eb4f-8dc5-4e7d-a1e7-7097d99246d9}</UniqueIdentifier>
    </Filter>
  </ItemGroup>
  <ItemGroup>
    <ClCompile Include="system_stm32f0xx.c">
      <Filter>Source files</Filter>
    </ClCompile>
    <ClCompile Include="..\..\..\..\..\..\..\..\AppData\Local\VisualGDB\EmbeddedBSPs\arm-eabi\com.sysprogs.arm.stm32\STM32F0xxxx\StartupFiles\startup_stm32f030x6.c">
      <Filter>Source files\Device-specific files</Filter>
    </ClCompile>
    <ClCompile Include="..\..\..\..\..\..\..\..\AppData\Local\VisualGDB\EmbeddedBSPs\arm-eabi\com.sysprogs.arm.stm32\STM32F0xxxx\STM32F0xx_StdPeriph_Driver\src\stm32f0xx_adc.c">
      <Filter>Source files\Device-specific files\StdPeriph</Filter>
    </ClCompile>
    <ClCompile Include="..\..\..\..\..\..\..\..\AppData\Local\VisualGDB\EmbeddedBSPs\arm-eabi\com.sysprogs.arm.stm32\STM32F0xxxx\STM32F0xx_StdPeriph_Driver\src\stm32f0xx_can.c">
      <Filter>Source files\Device-specific files\StdPeriph</Filter>
    </ClCompile>
    <ClCompile Include="..\..\..\..\..\..\..\..\AppData\Local\VisualGDB\EmbeddedBSPs\arm-eabi\com.sysprogs.arm.stm32\STM32F0xxxx\STM32F0xx_StdPeriph_Driver\src\stm32f0xx_cec.c">
      <Filter>Source files\Device-specific files\StdPeriph</Filter>
    </ClCompile>
    <ClCompile Include="..\..\..\..\..\..\..\..\AppData\Local\VisualGDB\EmbeddedBSPs\arm-eabi\com.sysprogs.arm.stm32\STM32F0xxxx\STM32F0xx_StdPeriph_Driver\src\stm32f0xx_comp.c">
      <Filter>Source files\Device-specific files\StdPeriph</Filter>
    </ClCompile>
    <ClCompile Include="..\..\..\..\..\..\..\..\AppData\Local\VisualGDB\EmbeddedBSPs\arm-eabi\com.sysprogs.arm.stm32\STM32F0xxxx\STM32F0xx_StdPeriph_Driver\src\stm32f0xx_crc.c">
      <Filter>Source files\Device-specific files\StdPeriph</Filter>
    </ClCompile>
    <ClCompile Include="..\..\..\..\..\..\..\..\AppData\Local\VisualGDB\EmbeddedBSPs\arm-eabi\com.sysprogs.arm.stm32\STM32F0xxxx\STM32F0xx_StdPeriph_Driver\src\stm32f0xx_crs.c">
      <Filter>Source files\Device-specific files\StdPeriph</Filter>
    </ClCompile>
    <ClCompile Include="..\..\..\..\..\..\..\..\AppData\Local\VisualGDB\EmbeddedBSPs\arm-eabi\com.sysprogs.arm.stm32\STM32F0xxxx\STM32F0xx_StdPeriph_Driver\src\stm32f0xx_dac.c">
      <Filter>Source files\Device-specific files\StdPeriph</Filter>
    </ClCompile>
    <ClCompile Include="..\..\..\..\..\..\..\..\AppData\Local\VisualGDB\EmbeddedBSPs\arm-eabi\com.sysprogs.arm.stm32\STM32F0xxxx\STM32F0xx_StdPeriph_Driver\src\stm32f0xx_dbgmcu.c">
      <Filter>Source files\Device-specific files\StdPeriph</Filter>
    </ClCompile>
    <ClCompile Include="..\..\..\..\..\..\..\..\AppData\Local\VisualGDB\EmbeddedBSPs\arm-eabi\com.sysprogs.arm.stm32\STM32F0xxxx\STM32F0xx_StdPeriph_Driver\src\stm32f0xx_dma.c">
      <Filter>Source files\Device-specific files\StdPeriph</Filter>
    </ClCompile>
    <ClCompile Include="..\..\..\..\..\..\..\..\AppData\Local\VisualGDB\EmbeddedBSPs\arm-eabi\com.sysprogs.arm.stm32\STM32F0xxxx\STM32F0xx_StdPeriph_Driver\src\stm32f0xx_exti.c">
      <Filter>Source files\Device-specific files\StdPeriph</Filter>
    </ClCompile>
    <ClCompile Include="..\..\..\..\..\..\..\..\AppData\Local\VisualGDB\EmbeddedBSPs\arm-eabi\com.sysprogs.arm.stm32\STM32F0xxxx\STM32F0xx_StdPeriph_Driver\src\stm32f0xx_flash.c">
      <Filter>Source files\Device-specific files\StdPeriph</Filter>
    </ClCompile>
    <ClCompile Include="..\..\..\..\..\..\..\..\AppData\Local\VisualGDB\EmbeddedBSPs\arm-eabi\com.sysprogs.arm.stm32\STM32F0xxxx\STM32F0xx_StdPeriph_Driver\src\stm32f0xx_gpio.c">
      <Filter>Source files\Device-specific files\StdPeriph</Filter>
    </ClCompile>
    <ClCompile Include="..\..\..\..\..\..\..\..\AppData\Local\VisualGDB\EmbeddedBSPs\arm-eabi\com.sysprogs.arm.stm32\STM32F0xxxx\STM32F0xx_StdPeriph_Driver\src\stm32f0xx_i2c.c">
      <Filter>Source files\Device-specific files\StdPeriph</Filter>
    </ClCompile>
    <ClCompile Include="..\..\..\..\..\..\..\..\AppData\Local\VisualGDB\EmbeddedBSPs\arm-eabi\com.sysprogs.arm.stm32\STM32F0xxxx\STM32F0xx_StdPeriph_Driver\src\stm32f0xx_iwdg.c">
      <Filter>Source files\Device-specific files\StdPeriph</Filter>
    </ClCompile>
    <ClCompile Include="..\..\..\..\..\..\..\..\AppData\Local\VisualGDB\EmbeddedBSPs\arm-eabi\com.sysprogs.arm.stm32\STM32F0xxxx\STM32F0xx_StdPeriph_Driver\src\stm32f0xx_misc.c">
      <Filter>Source files\Device-specific files\StdPeriph</Filter>
    </ClCompile>
    <ClCompile Include="..\..\..\..\..\..\..\..\AppData\Local\VisualGDB\EmbeddedBSPs\arm-eabi\com.sysprogs.arm.stm32\STM32F0xxxx\STM32F0xx_StdPeriph_Driver\src\stm32f0xx_pwr.c">
      <Filter>Source files\Device-specific files\StdPeriph</Filter>
    </ClCompile>
    <ClCompile Include="..\..\..\..\..\..\..\..\AppData\Local\VisualGDB\EmbeddedBSPs\arm-eabi\com.sysprogs.arm.stm32\STM32F0xxxx\STM32F0xx_StdPeriph_Driver\src\stm32f0xx_rcc.c">
      <Filter>Source files\Device-specific files\StdPeriph</Filter>
    </ClCompile>
    <ClCompile Include="..\..\..\..\..\..\..\..\AppData\Local\VisualGDB\EmbeddedBSPs\arm-eabi\com.sysprogs.arm.stm32\STM32F0xxxx\STM32F0xx_StdPeriph_Driver\src\stm32f0xx_rtc.c">
      <Filter>Source files\Device-specific files\StdPeriph</Filter>
    </ClCompile>
    <ClCompile Include="..\..\..\..\..\..\..\..\AppData\Local\VisualGDB\EmbeddedBSPs\arm-eabi\com.sysprogs.arm.stm32\STM32F0xxxx\STM32F0xx_StdPeriph_Driver\src\stm32f0xx_spi.c">
      <Filter>Source files\Device-specific files\StdPeriph</Filter>
    </ClCompile>
    <ClCompile Include="..\..\..\..\..\..\..\..\AppData\Local\VisualGDB\EmbeddedBSPs\arm-eabi\com.sysprogs.arm.stm32\STM32F0xxxx\STM32F0xx_StdPeriph_Driver\src\stm32f0xx_syscfg.c">
      <Filter>Source files\Device-specific files\StdPeriph</Filter>
    </ClCompile>
    <ClCompile Include="..\..\..\..\..\..\..\..\AppData\Local\VisualGDB\EmbeddedBSPs\arm-eabi\com.sysprogs.arm.stm32\STM32F0xxxx\STM32F0xx_StdPeriph_Driver\src\stm32f0xx_tim.c">
      <Filter>Source files\Device-specific files\StdPeriph</Filter>
    </ClCompile>
    <ClCompile Include="..\..\..\..\..\..\..\..\AppData\Local\VisualGDB\EmbeddedBSPs\arm-eabi\com.sysprogs.arm.stm32\STM32F0xxxx\STM32F0xx_StdPeriph_Driver\src\stm32f0xx_usart.c">
      <Filter>Source files\Device-specific files\StdPeriph</Filter>
    </ClCompile>
    <ClCompile Include="..\..\..\..\..\..\..\..\AppData\Local\VisualGDB\EmbeddedBSPs\arm-eabi\com.sysprogs.arm.stm32\STM32F0xxxx\STM32F0xx_StdPeriph_Driver\src\stm32f0xx_wwdg.c">
      <Filter>Source files\Device-specific files\StdPeriph</Filter>
    </ClCompile>
    <ClCompile Include="sFlash.c">
      <Filter>Source files</Filter>
    </ClCompile>
    <ClCompile Include="common.c">
      <Filter>Source files</Filter>
    </ClCompile>
    <ClCompile Include="SimpleFS.c">
      <Filter>Source files</Filter>
    </ClCompile>
    <ClCompile Include="WAVplayer.c">
      <Filter>Source files</Filter>
    </ClCompile>
    <ClCompile Include="Toy-Audio-main.c">
      <Filter>Source files</Filter>
    </ClCompile>
    <ClCompile Include="usart.c">
      <Filter>Source files</Filter>
    </ClCompile>
    <ClCompile Include="terminal.c">
      <Filter>Source files</Filter>
    </ClCompile>
    <ClCompile Include="ymodem.c">
      <Filter>Source files</Filter>
    </ClCompile>
  </ItemGroup>
  <ItemGroup>
    <None Include="Makefile" />
    <None Include="debug.mak">
      <Filter>Make files</Filter>
    </None>
    <None Include="release.mak">
      <Filter>Make files</Filter>
    </None>
    <None Include="stm32.mak">
      <Filter>Source files\Device-specific files</Filter>
    </None>
  </ItemGroup>
  <ItemGroup>
    <ClInclude Include="..\..\..\..\..\..\..\..\AppData\Local\VisualGDB\EmbeddedBSPs\arm-eabi\com.sysprogs.arm.stm32\STM32F0xxxx\STM32F0xx_StdPeriph_Driver\inc\stm32f0xx_adc.h">
      <Filter>Header files\Device-specific files\StdPeriph</Filter>
    </ClInclude>
    <ClInclude Include="..\..\..\..\..\..\..\..\AppData\Local\VisualGDB\EmbeddedBSPs\arm-eabi\com.sysprogs.arm.stm32\STM32F0xxxx\STM32F0xx_StdPeriph_Driver\inc\stm32f0xx_can.h">
      <Filter>Header files\Device-specific files\StdPeriph</Filter>
    </ClInclude>
    <ClInclude Include="..\..\..\..\..\..\..\..\AppData\Local\VisualGDB\EmbeddedBSPs\arm-eabi\com.sysprogs.arm.stm32\STM32F0xxxx\STM32F0xx_StdPeriph_Driver\inc\stm32f0xx_cec.h">
      <Filter>Header files\Device-specific files\StdPeriph</Filter>
    </ClInclude>
    <ClInclude Include="..\..\..\..\..\..\..\..\AppData\Local\VisualGDB\EmbeddedBSPs\arm-eabi\com.sysprogs.arm.stm32\STM32F0xxxx\STM32F0xx_StdPeriph_Driver\inc\stm32f0xx_comp.h">
      <Filter>Header files\Device-specific files\StdPeriph</Filter>
    </ClInclude>
    <ClInclude Include="..\..\..\..\..\..\..\..\AppData\Local\VisualGDB\EmbeddedBSPs\arm-eabi\com.sysprogs.arm.stm32\STM32F0xxxx\STM32F0xx_StdPeriph_Driver\inc\stm32f0xx_crc.h">
      <Filter>Header files\Device-specific files\StdPeriph</Filter>
    </ClInclude>
    <ClInclude Include="..\..\..\..\..\..\..\..\AppData\Local\VisualGDB\EmbeddedBSPs\arm-eabi\com.sysprogs.arm.stm32\STM32F0xxxx\STM32F0xx_StdPeriph_Driver\inc\stm32f0xx_crs.h">
      <Filter>Header files\Device-specific files\StdPeriph</Filter>
    </ClInclude>
    <ClInclude Include="..\..\..\..\..\..\..\..\AppData\Local\VisualGDB\EmbeddedBSPs\arm-eabi\com.sysprogs.arm.stm32\STM32F0xxxx\STM32F0xx_StdPeriph_Driver\inc\stm32f0xx_dac.h">
      <Filter>Header files\Device-specific files\StdPeriph</Filter>
    </ClInclude>
    <ClInclude Include="..\..\..\..\..\..\..\..\AppData\Local\VisualGDB\EmbeddedBSPs\arm-eabi\com.sysprogs.arm.stm32\STM32F0xxxx\STM32F0xx_StdPeriph_Driver\inc\stm32f0xx_dbgmcu.h">
      <Filter>Header files\Device-specific files\StdPeriph</Filter>
    </ClInclude>
    <ClInclude Include="..\..\..\..\..\..\..\..\AppData\Local\VisualGDB\EmbeddedBSPs\arm-eabi\com.sysprogs.arm.stm32\STM32F0xxxx\STM32F0xx_StdPeriph_Driver\inc\stm32f0xx_dma.h">
      <Filter>Header files\Device-specific files\StdPeriph</Filter>
    </ClInclude>
    <ClInclude Include="..\..\..\..\..\..\..\..\AppData\Local\VisualGDB\EmbeddedBSPs\arm-eabi\com.sysprogs.arm.stm32\STM32F0xxxx\STM32F0xx_StdPeriph_Driver\inc\stm32f0xx_exti.h">
      <Filter>Header files\Device-specific files\StdPeriph</Filter>
    </ClInclude>
    <ClInclude Include="..\..\..\..\..\..\..\..\AppData\Local\VisualGDB\EmbeddedBSPs\arm-eabi\com.sysprogs.arm.stm32\STM32F0xxxx\STM32F0xx_StdPeriph_Driver\inc\stm32f0xx_flash.h">
      <Filter>Header files\Device-specific files\StdPeriph</Filter>
    </ClInclude>
    <ClInclude Include="..\..\..\..\..\..\..\..\AppData\Local\VisualGDB\EmbeddedBSPs\arm-eabi\com.sysprogs.arm.stm32\STM32F0xxxx\STM32F0xx_StdPeriph_Driver\inc\stm32f0xx_gpio.h">
      <Filter>Header files\Device-specific files\StdPeriph</Filter>
    </ClInclude>
    <ClInclude Include="..\..\..\..\..\..\..\..\AppData\Local\VisualGDB\EmbeddedBSPs\arm-eabi\com.sysprogs.arm.stm32\STM32F0xxxx\STM32F0xx_StdPeriph_Driver\inc\stm32f0xx_i2c.h">
      <Filter>Header files\Device-specific files\StdPeriph</Filter>
    </ClInclude>
    <ClInclude Include="..\..\..\..\..\..\..\..\AppData\Local\VisualGDB\EmbeddedBSPs\arm-eabi\com.sysprogs.arm.stm32\STM32F0xxxx\STM32F0xx_StdPeriph_Driver\inc\stm32f0xx_iwdg.h">
      <Filter>Header files\Device-specific files\StdPeriph</Filter>
    </ClInclude>
    <ClInclude Include="..\..\..\..\..\..\..\..\AppData\Local\VisualGDB\EmbeddedBSPs\arm-eabi\com.sysprogs.arm.stm32\STM32F0xxxx\STM32F0xx_StdPeriph_Driver\inc\stm32f0xx_misc.h">
      <Filter>Header files\Device-specific files\StdPeriph</Filter>
    </ClInclude>
    <ClInclude Include="..\..\..\..\..\..\..\..\AppData\Local\VisualGDB\EmbeddedBSPs\arm-eabi\com.sysprogs.arm.stm32\STM32F0xxxx\STM32F0xx_StdPeriph_Driver\inc\stm32f0xx_pwr.h">
      <Filter>Header files\Device-specific files\StdPeriph</Filter>
    </ClInclude>
    <ClInclude Include="..\..\..\..\..\..\..\..\AppData\Local\VisualGDB\EmbeddedBSPs\arm-eabi\com.sysprogs.arm.stm32\STM32F0xxxx\STM32F0xx_StdPeriph_Driver\inc\stm32f0xx_rcc.h">
      <Filter>Header files\Device-specific files\StdPeriph</Filter>
    </ClInclude>
    <ClInclude Include="..\..\..\..\..\..\..\..\AppData\Local\VisualGDB\EmbeddedBSPs\arm-eabi\com.sysprogs.arm.stm32\STM32F0xxxx\STM32F0xx_StdPeriph_Driver\inc\stm32f0xx_rtc.h">
      <Filter>Header files\Device-specific files\StdPeriph</Filter>
    </ClInclude>
    <ClInclude Include="..\..\..\..\..\..\..\..\AppData\Local\VisualGDB\EmbeddedBSPs\arm-eabi\com.sysprogs.arm.stm32\STM32F0xxxx\STM32F0xx_StdPeriph_Driver\inc\stm32f0xx_spi.h">
      <Filter>Header files\Device-specific files\StdPeriph</Filter>
    </ClInclude>
    <ClInclude Include="..\..\..\..\..\..\..\..\AppData\Local\VisualGDB\EmbeddedBSPs\arm-eabi\com.sysprogs.arm.stm32\STM32F0xxxx\STM32F0xx_StdPeriph_Driver\inc\stm32f0xx_syscfg.h">
      <Filter>Header files\Device-specific files\StdPeriph</Filter>
    </ClInclude>
    <ClInclude Include="..\..\..\..\..\..\..\..\AppData\Local\VisualGDB\EmbeddedBSPs\arm-eabi\com.sysprogs.arm.stm32\STM32F0xxxx\STM32F0xx_StdPeriph_Driver\inc\stm32f0xx_tim.h">
      <Filter>Header files\Device-specific files\StdPeriph</Filter>
    </ClInclude>
    <ClInclude Include="..\..\..\..\..\..\..\..\AppData\Local\VisualGDB\EmbeddedBSPs\arm-eabi\com.sysprogs.arm.stm32\STM32F0xxxx\STM32F0xx_StdPeriph_Driver\inc\stm32f0xx_usart.h">
      <Filter>Header files\Device-specific files\StdPeriph</Filter>
    </ClInclude>
    <ClInclude Include="..\..\..\..\..\..\..\..\AppData\Local\VisualGDB\EmbeddedBSPs\arm-eabi\com.sysprogs.arm.stm32\STM32F0xxxx\STM32F0xx_StdPeriph_Driver\inc\stm32f0xx_wwdg.h">
      <Filter>Header files\Device-specific files\StdPeriph</Filter>
    </ClInclude>
    <ClInclude Include="..\..\..\..\..\..\..\..\AppData\Local\VisualGDB\EmbeddedBSPs\arm-eabi\com.sysprogs.arm.stm32\STM32F0xxxx\CMSIS_StdPeriph\Device\ST\STM32F0xx\Include\stm32f0xx.h">
      <Filter>Header files\Device-specific files\StdPeriph</Filter>
    </ClInclude>
    <ClInclude Include="..\..\..\..\..\..\..\..\AppData\Local\VisualGDB\EmbeddedBSPs\arm-eabi\com.sysprogs.arm.stm32\STM32F0xxxx\CMSIS_StdPeriph\Device\ST\STM32F0xx\Include\system_stm32f0xx.h">
      <Filter>Header files\Device-specific files\StdPeriph</Filter>
    </ClInclude>
    <ClInclude Include="..\..\..\..\..\..\..\..\AppData\Local\VisualGDB\EmbeddedBSPs\arm-eabi\com.sysprogs.arm.stm32\STM32F0xxxx\CMSIS_StdPeriph\Include\arm_common_tables.h">
      <Filter>Header files\Device-specific files\StdPeriph</Filter>
    </ClInclude>
    <ClInclude Include="..\..\..\..\..\..\..\..\AppData\Local\VisualGDB\EmbeddedBSPs\arm-eabi\com.sysprogs.arm.stm32\STM32F0xxxx\CMSIS_StdPeriph\Include\arm_const_structs.h">
      <Filter>Header files\Device-specific files\StdPeriph</Filter>
    </ClInclude>
    <ClInclude Include="..\..\..\..\..\..\..\..\AppData\Local\VisualGDB\EmbeddedBSPs\arm-eabi\com.sysprogs.arm.stm32\STM32F0xxxx\CMSIS_StdPeriph\Include\arm_math.h">
      <Filter>Header files\Device-specific files\StdPeriph</Filter>
    </ClInclude>
    <ClInclude Include="..\..\..\..\..\..\..\..\AppData\Local\VisualGDB\EmbeddedBSPs\arm-eabi\com.sysprogs.arm.stm32\STM32F0xxxx\CMSIS_StdPeriph\Include\core_cm0.h">
      <Filter>Header files\Device-specific files\StdPeriph</Filter>
    </ClInclude>
    <ClInclude Include="..\..\..\..\..\..\..\..\AppData\Local\VisualGDB\EmbeddedBSPs\arm-eabi\com.sysprogs.arm.stm32\STM32F0xxxx\CMSIS_StdPeriph\Include\core_cm0plus.h">
      <Filter>Header files\Device-specific files\StdPeriph</Filter>
    </ClInclude>
    <ClInclude Include="..\..\..\..\..\..\..\..\AppData\Local\VisualGDB\EmbeddedBSPs\arm-eabi\com.sysprogs.arm.stm32\STM32F0xxxx\CMSIS_StdPeriph\Include\core_cm3.h">
      <Filter>Header files\Device-specific files\StdPeriph</Filter>
    </ClInclude>
    <ClInclude Include="..\..\..\..\..\..\..\..\AppData\Local\VisualGDB\EmbeddedBSPs\arm-eabi\com.sysprogs.arm.stm32\STM32F0xxxx\CMSIS_StdPeriph\Include\core_cm4.h">
      <Filter>Header files\Device-specific files\StdPeriph</Filter>
    </ClInclude>
    <ClInclude Include="..\..\..\..\..\..\..\..\AppData\Local\VisualGDB\EmbeddedBSPs\arm-eabi\com.sysprogs.arm.stm32\STM32F0xxxx\CMSIS_StdPeriph\Include\core_cm4_simd.h">
      <Filter>Header files\Device-specific files\StdPeriph</Filter>
    </ClInclude>
    <ClInclude Include="..\..\..\..\..\..\..\..\AppData\Local\VisualGDB\EmbeddedBSPs\arm-eabi\com.sysprogs.arm.stm32\STM32F0xxxx\CMSIS_StdPeriph\Include\core_cmFunc.h">
      <Filter>Header files\Device-specific files\StdPeriph</Filter>
    </ClInclude>
    <ClInclude Include="..\..\..\..\..\..\..\..\AppData\Local\VisualGDB\EmbeddedBSPs\arm-eabi\com.sysprogs.arm.stm32\STM32F0xxxx\CMSIS_StdPeriph\Include\core_cmInstr.h">
      <Filter>Header files\Device-specific files\StdPeriph</Filter>
    </ClInclude>
    <ClInclude Include="..\..\..\..\..\..\..\..\AppData\Local\VisualGDB\EmbeddedBSPs\arm-eabi\com.sysprogs.arm.stm32\STM32F0xxxx\CMSIS_StdPeriph\Include\core_sc000.h">
      <Filter>Header files\Device-specific files\StdPeriph</Filter>
    </ClInclude>
    <ClInclude Include="..\..\..\..\..\..\..\..\AppData\Local\VisualGDB\EmbeddedBSPs\arm-eabi\com.sysprogs.arm.stm32\STM32F0xxxx\CMSIS_StdPeriph\Include\core_sc300.h">
      <Filter>Header files\Device-specific files\StdPeriph</Filter>
    </ClInclude>
    <ClInclude Include="..\..\..\..\..\..\..\..\AppData\Local\VisualGDB\EmbeddedBSPs\arm-eabi\com.sysprogs.arm.stm32\STM32F0xxxx\CMSIS_StdPeriph\RTOS\cmsis_os.h">
      <Filter>Header files\Device-specific files\StdPeriph</Filter>
    </ClInclude>
    <ClInclude Include="sFlash.h">
      <Filter>Header files</Filter>
    </ClInclude>
    <ClInclude Include="common.h">
      <Filter>Header files</Filter>
    </ClInclude>
    <ClInclude Include="SimpleFS.h">
      <Filter>Header files</Filter>
    </ClInclude>
    <ClInclude Include="WAVplayer.h">
      <Filter>Header files</Filter>
    </ClInclude>
    <ClInclude Include="usart.h">
      <Filter>Header files</Filter>
    </ClInclude>
    <ClInclude Include="terminal.h">
      <Filter>Header files</Filter>
    </ClInclude>
    <ClInclude Include="ymodem.h">
      <Filter>Header files</Filter>
    </ClInclude>
    <ClInclude Include="ok-sound.h">
      <Filter>Header files</Filter>
    </ClInclude>
    <ClInclude Include="main.h">
      <Filter>Header files</Filter>
    </ClInclude>
  </ItemGroup>
</Project>